
Microsoft Visual Studio Solution File, Format Version 12.00
# Visual Studio Version 17
VisualStudioVersion = 17.5.33530.505
MinimumVisualStudioVersion = 10.0.40219.1
Project("{FAE04EC0-301F-11D3-BF4B-00C04F79EFBC}") = "Lab01", "Lab01\Lab01.csproj", "{281CB571-C649-4FA1-8909-FC0D6D3FC93C}"
EndProject
Global
	GlobalSection(SolutionConfigurationPlatforms) = preSolution
		Debug|Any CPU = Debug|Any CPU
		Release|Any CPU = Release|Any CPU
	EndGlobalSection
	GlobalSection(ProjectConfigurationPlatforms) = postSolution
		{281CB571-C649-4FA1-8909-FC0D6D3FC93C}.Debug|Any CPU.ActiveCfg = Debug|Any CPU
		{281CB571-C649-4FA1-8909-FC0D6D3FC93C}.Debug|Any CPU.Build.0 = Debug|Any CPU
		{281CB571-C649-4FA1-8909-FC0D6D3FC93C}.Release|Any CPU.ActiveCfg = Release|Any CPU
		{281CB571-C649-4FA1-8909-FC0D6D3FC93C}.Release|Any CPU.Build.0 = Release|Any CPU
	EndGlobalSection
	GlobalSection(SolutionProperties) = preSolution
		HideSolutionNode = FALSE
	EndGlobalSection
	GlobalSection(ExtensibilityGlobals) = postSolution
		SolutionGuid = {753013DD-07D5-4844-9AC2-22C5BA2AA50D}
	EndGlobalSection
EndGlobal
